
Microsoft Visual Studio Solution File, Format Version 12.00
# Visual Studio Version 17
VisualStudioVersion = 17.8.34330.188
MinimumVisualStudioVersion = 10.0.40219.1
Project("{FAE04EC0-301F-11D3-BF4B-00C04F79EFBC}") = "ComandosGit", "ComandosGit.csproj", "{BC8F322D-F203-4D2C-9A57-D29D9B42E3BD}"
EndProject
Global
	GlobalSection(SolutionConfigurationPlatforms) = preSolution
		Debug|Any CPU = Debug|Any CPU
		Release|Any CPU = Release|Any CPU
	EndGlobalSection
	GlobalSection(ProjectConfigurationPlatforms) = postSolution
		{BC8F322D-F203-4D2C-9A57-D29D9B42E3BD}.Debug|Any CPU.ActiveCfg = Debug|Any CPU
		{BC8F322D-F203-4D2C-9A57-D29D9B42E3BD}.Debug|Any CPU.Build.0 = Debug|Any CPU
		{BC8F322D-F203-4D2C-9A57-D29D9B42E3BD}.Release|Any CPU.ActiveCfg = Release|Any CPU
		{BC8F322D-F203-4D2C-9A57-D29D9B42E3BD}.Release|Any CPU.Build.0 = Release|Any CPU
	EndGlobalSection
	GlobalSection(SolutionProperties) = preSolution
		HideSolutionNode = FALSE
	EndGlobalSection
	GlobalSection(ExtensibilityGlobals) = postSolution
		SolutionGuid = {22723314-2566-4232-9EBF-897D56C0E830}
	EndGlobalSection
EndGlobal
